
Microsoft Visual Studio Solution File, Format Version 12.00
# Visual Studio Version 16
VisualStudioVersion = 16.0.30011.22
MinimumVisualStudioVersion = 10.0.40219.1
Project("{FAE04EC0-301F-11D3-BF4B-00C04F79EFBC}") = "Base of Taste", "Base of Taste\Base of Taste.csproj", "{09710D80-DAB6-4B15-9CB7-3D0B28260EAB}"
EndProject
Global
	GlobalSection(SolutionConfigurationPlatforms) = preSolution
		Debug|Any CPU = Debug|Any CPU
		Release|Any CPU = Release|Any CPU
	EndGlobalSection
	GlobalSection(ProjectConfigurationPlatforms) = postSolution
		{09710D80-DAB6-4B15-9CB7-3D0B28260EAB}.Debug|Any CPU.ActiveCfg = Debug|Any CPU
		{09710D80-DAB6-4B15-9CB7-3D0B28260EAB}.Debug|Any CPU.Build.0 = Debug|Any CPU
		{09710D80-DAB6-4B15-9CB7-3D0B28260EAB}.Release|Any CPU.ActiveCfg = Release|Any CPU
		{09710D80-DAB6-4B15-9CB7-3D0B28260EAB}.Release|Any CPU.Build.0 = Release|Any CPU
	EndGlobalSection
	GlobalSection(SolutionProperties) = preSolution
		HideSolutionNode = FALSE
	EndGlobalSection
	GlobalSection(ExtensibilityGlobals) = postSolution
		SolutionGuid = {13D8088B-70F5-46F0-B1DF-2CF8A830A50A}
	EndGlobalSection
EndGlobal
